// !$*UTF8*$!
{
	archiveVersion = 1;
	classes = {
	};
	objectVersion = 46;
	objects = {

/* Begin PBXBuildFile section */
		D205F27C1A0628C400578C35 /* ReviewViewController.swift in Sources */ = {isa = PBXBuildFile; fileRef = D205F27B1A0628C400578C35 /* ReviewViewController.swift */; };
		D205F27E1A0661F800578C35 /* ShareViewController.swift in Sources */ = {isa = PBXBuildFile; fileRef = D205F27D1A0661F800578C35 /* ShareViewController.swift */; };
		D20930CD1A03F57700353BC0 /* DetailTableViewCell.swift in Sources */ = {isa = PBXBuildFile; fileRef = D20930CC1A03F57700353BC0 /* DetailTableViewCell.swift */; };
		D20BCAA41A08CEE10025DAC7 /* FoodPin.xcdatamodeld in Sources */ = {isa = PBXBuildFile; fileRef = D20BCAA21A08CEE10025DAC7 /* FoodPin.xcdatamodeld */; };
		D21193841A0BFD91007B4C97 /* aboutfoodpin.png in Resources */ = {isa = PBXBuildFile; fileRef = D21193861A0BFD91007B4C97 /* aboutfoodpin.png */; };
		D221ADDC1A067F5D0082575F /* MapKit.framework in Frameworks */ = {isa = PBXBuildFile; fileRef = D221ADDB1A067F5D0082575F /* MapKit.framework */; };
		D221ADE01A0688A60082575F /* MapViewController.swift in Sources */ = {isa = PBXBuildFile; fileRef = D221ADDF1A0688A60082575F /* MapViewController.swift */; };
		D2706C401A0BC06300CE8C6A /* AboutViewController.swift in Sources */ = {isa = PBXBuildFile; fileRef = D2706C3F1A0BC06300CE8C6A /* AboutViewController.swift */; };
		D2706C421A0BC10500CE8C6A /* WebViewController.swift in Sources */ = {isa = PBXBuildFile; fileRef = D2706C411A0BC10500CE8C6A /* WebViewController.swift */; };
		D2706C441A0BDB7500CE8C6A /* FeedTableTableViewController.swift in Sources */ = {isa = PBXBuildFile; fileRef = D2706C431A0BDB7500CE8C6A /* FeedTableTableViewController.swift */; };
		D2B691CC1A0BED5A00E1A038 /* Localizable.strings in Resources */ = {isa = PBXBuildFile; fileRef = D2B691CE1A0BED5A00E1A038 /* Localizable.strings */; };
		D2B691D11A0BED5A00E1A038 /* InfoPlist.strings in Resources */ = {isa = PBXBuildFile; fileRef = D2B691D31A0BED5A00E1A038 /* InfoPlist.strings */; };
		D2CA01DA1A07D9E500F3DAF2 /* AddTableTableViewController.swift in Sources */ = {isa = PBXBuildFile; fileRef = D2CA01D91A07D9E500F3DAF2 /* AddTableTableViewController.swift */; };
		D2DDEC8A1A08FD0B00321CEA /* PageContentViewController.swift in Sources */ = {isa = PBXBuildFile; fileRef = D2DDEC891A08FD0B00321CEA /* PageContentViewController.swift */; };
		D2DDEC8C1A08FEA200321CEA /* PageViewController.swift in Sources */ = {isa = PBXBuildFile; fileRef = D2DDEC8B1A08FEA200321CEA /* PageViewController.swift */; };
		D2F322481A03BF1900773858 /* AppDelegate.swift in Sources */ = {isa = PBXBuildFile; fileRef = D2F322471A03BF1900773858 /* AppDelegate.swift */; };
		D2F3224D1A03BF1900773858 /* Main.storyboard in Resources */ = {isa = PBXBuildFile; fileRef = D2F3224B1A03BF1900773858 /* Main.storyboard */; };
		D2F3224F1A03BF1900773858 /* Images.xcassets in Resources */ = {isa = PBXBuildFile; fileRef = D2F3224E1A03BF1900773858 /* Images.xcassets */; };
		D2F322521A03BF1900773858 /* LaunchScreen.xib in Resources */ = {isa = PBXBuildFile; fileRef = D2F322501A03BF1900773858 /* LaunchScreen.xib */; };
		D2F3226A1A03C02100773858 /* RestaurantTableViewController.swift in Sources */ = {isa = PBXBuildFile; fileRef = D2F322691A03C02100773858 /* RestaurantTableViewController.swift */; };
		D2F322701A03C90A00773858 /* CustomTableViewCell.swift in Sources */ = {isa = PBXBuildFile; fileRef = D2F3226F1A03C90A00773858 /* CustomTableViewCell.swift */; };
		D2F322721A03E9AF00773858 /* DetailViewController.swift in Sources */ = {isa = PBXBuildFile; fileRef = D2F322711A03E9AF00773858 /* DetailViewController.swift */; };
		D2F322741A03ECA100773858 /* Restaurant.swift in Sources */ = {isa = PBXBuildFile; fileRef = D2F322731A03ECA100773858 /* Restaurant.swift */; };
/* End PBXBuildFile section */

/* Begin PBXFileReference section */
		D205F27B1A0628C400578C35 /* ReviewViewController.swift */ = {isa = PBXFileReference; fileEncoding = 4; lastKnownFileType = sourcecode.swift; path = ReviewViewController.swift; sourceTree = "<group>"; };
		D205F27D1A0661F800578C35 /* ShareViewController.swift */ = {isa = PBXFileReference; fileEncoding = 4; lastKnownFileType = sourcecode.swift; path = ShareViewController.swift; sourceTree = "<group>"; };
		D20930CC1A03F57700353BC0 /* DetailTableViewCell.swift */ = {isa = PBXFileReference; fileEncoding = 4; lastKnownFileType = sourcecode.swift; path = DetailTableViewCell.swift; sourceTree = "<group>"; };
		D20BCAA31A08CEE10025DAC7 /* FoodPin.xcdatamodel */ = {isa = PBXFileReference; lastKnownFileType = wrapper.xcdatamodel; path = FoodPin.xcdatamodel; sourceTree = "<group>"; };
		D21193851A0BFD91007B4C97 /* Base */ = {isa = PBXFileReference; lastKnownFileType = image.png; name = Base; path = Base.lproj/aboutfoodpin.png; sourceTree = "<group>"; };
		D21193871A0BFD98007B4C97 /* zh-Hans */ = {isa = PBXFileReference; lastKnownFileType = image.png; name = "zh-Hans"; path = "zh-Hans.lproj/aboutfoodpin.png"; sourceTree = "<group>"; };
		D221ADDB1A067F5D0082575F /* MapKit.framework */ = {isa = PBXFileReference; lastKnownFileType = wrapper.framework; name = MapKit.framework; path = System/Library/Frameworks/MapKit.framework; sourceTree = SDKROOT; };
		D221ADDF1A0688A60082575F /* MapViewController.swift */ = {isa = PBXFileReference; fileEncoding = 4; lastKnownFileType = sourcecode.swift; path = MapViewController.swift; sourceTree = "<group>"; };
		D2706C3F1A0BC06300CE8C6A /* AboutViewController.swift */ = {isa = PBXFileReference; fileEncoding = 4; lastKnownFileType = sourcecode.swift; path = AboutViewController.swift; sourceTree = "<group>"; };
		D2706C411A0BC10500CE8C6A /* WebViewController.swift */ = {isa = PBXFileReference; fileEncoding = 4; lastKnownFileType = sourcecode.swift; path = WebViewController.swift; sourceTree = "<group>"; };
		D2706C431A0BDB7500CE8C6A /* FeedTableTableViewController.swift */ = {isa = PBXFileReference; fileEncoding = 4; lastKnownFileType = sourcecode.swift; path = FeedTableTableViewController.swift; sourceTree = "<group>"; };
		D2706C4F1A0BE69B00CE8C6A /* zh-Hans */ = {isa = PBXFileReference; lastKnownFileType = text.plist.strings; name = "zh-Hans"; path = "zh-Hans.lproj/Main.strings"; sourceTree = "<group>"; };
		D2706C501A0BE69B00CE8C6A /* zh-Hans */ = {isa = PBXFileReference; lastKnownFileType = text.plist.strings; name = "zh-Hans"; path = "zh-Hans.lproj/LaunchScreen.strings"; sourceTree = "<group>"; };
		D2B691CD1A0BED5A00E1A038 /* zh-Hans */ = {isa = PBXFileReference; lastKnownFileType = text.plist.strings; name = "zh-Hans"; path = "zh-Hans.lproj/Localizable.strings"; sourceTree = "<group>"; };
		D2B691D21A0BED5A00E1A038 /* zh-Hans */ = {isa = PBXFileReference; lastKnownFileType = text.plist.strings; name = "zh-Hans"; path = "zh-Hans.lproj/InfoPlist.strings"; sourceTree = "<group>"; };
		D2CA01D91A07D9E500F3DAF2 /* AddTableTableViewController.swift */ = {isa = PBXFileReference; fileEncoding = 4; lastKnownFileType = sourcecode.swift; path = AddTableTableViewController.swift; sourceTree = "<group>"; };
		D2DDEC891A08FD0B00321CEA /* PageContentViewController.swift */ = {isa = PBXFileReference; fileEncoding = 4; lastKnownFileType = sourcecode.swift; path = PageContentViewController.swift; sourceTree = "<group>"; };
		D2DDEC8B1A08FEA200321CEA /* PageViewController.swift */ = {isa = PBXFileReference; fileEncoding = 4; lastKnownFileType = sourcecode.swift; path = PageViewController.swift; sourceTree = "<group>"; };
		D2F322421A03BF1900773858 /* FoodPin.app */ = {isa = PBXFileReference; explicitFileType = wrapper.application; includeInIndex = 0; path = FoodPin.app; sourceTree = BUILT_PRODUCTS_DIR; };
		D2F322461A03BF1900773858 /* Info.plist */ = {isa = PBXFileReference; lastKnownFileType = text.plist.xml; path = Info.plist; sourceTree = "<group>"; };
		D2F322471A03BF1900773858 /* AppDelegate.swift */ = {isa = PBXFileReference; lastKnownFileType = sourcecode.swift; path = AppDelegate.swift; sourceTree = "<group>"; };
		D2F3224C1A03BF1900773858 /* Base */ = {isa = PBXFileReference; lastKnownFileType = file.storyboard; name = Base; path = Base.lproj/Main.storyboard; sourceTree = "<group>"; };
		D2F3224E1A03BF1900773858 /* Images.xcassets */ = {isa = PBXFileReference; lastKnownFileType = folder.assetcatalog; path = Images.xcassets; sourceTree = "<group>"; };
		D2F322511A03BF1900773858 /* Base */ = {isa = PBXFileReference; lastKnownFileType = file.xib; name = Base; path = Base.lproj/LaunchScreen.xib; sourceTree = "<group>"; };
		D2F322691A03C02100773858 /* RestaurantTableViewController.swift */ = {isa = PBXFileReference; fileEncoding = 4; lastKnownFileType = sourcecode.swift; path = RestaurantTableViewController.swift; sourceTree = "<group>"; };
		D2F3226F1A03C90A00773858 /* CustomTableViewCell.swift */ = {isa = PBXFileReference; fileEncoding = 4; lastKnownFileType = sourcecode.swift; path = CustomTableViewCell.swift; sourceTree = "<group>"; };
		D2F322711A03E9AF00773858 /* DetailViewController.swift */ = {isa = PBXFileReference; fileEncoding = 4; lastKnownFileType = sourcecode.swift; path = DetailViewController.swift; sourceTree = "<group>"; };
		D2F322731A03ECA100773858 /* Restaurant.swift */ = {isa = PBXFileReference; fileEncoding = 4; lastKnownFileType = sourcecode.swift; path = Restaurant.swift; sourceTree = "<group>"; };
/* End PBXFileReference section */

/* Begin PBXFrameworksBuildPhase section */
		D2F3223F1A03BF1900773858 /* Frameworks */ = {
			isa = PBXFrameworksBuildPhase;
			buildActionMask = 2147483647;
			files = (
				D221ADDC1A067F5D0082575F /* MapKit.framework in Frameworks */,
			);
			runOnlyForDeploymentPostprocessing = 0;
		};
/* End PBXFrameworksBuildPhase section */

/* Begin PBXGroup section */
		D2F322391A03BF1900773858 = {
			isa = PBXGroup;
			children = (
				D221ADDB1A067F5D0082575F /* MapKit.framework */,
				D2F322441A03BF1900773858 /* FoodPin */,
				D2F322431A03BF1900773858 /* Products */,
			);
			sourceTree = "<group>";
		};
		D2F322431A03BF1900773858 /* Products */ = {
			isa = PBXGroup;
			children = (
				D2F322421A03BF1900773858 /* FoodPin.app */,
			);
			name = Products;
			sourceTree = "<group>";
		};
		D2F322441A03BF1900773858 /* FoodPin */ = {
			isa = PBXGroup;
			children = (
				D2F322471A03BF1900773858 /* AppDelegate.swift */,
				D2706C3F1A0BC06300CE8C6A /* AboutViewController.swift */,
				D2F322731A03ECA100773858 /* Restaurant.swift */,
				D20930CC1A03F57700353BC0 /* DetailTableViewCell.swift */,
				D2CA01D91A07D9E500F3DAF2 /* AddTableTableViewController.swift */,
				D2F3226F1A03C90A00773858 /* CustomTableViewCell.swift */,
				D2F322711A03E9AF00773858 /* DetailViewController.swift */,
				D2F322691A03C02100773858 /* RestaurantTableViewController.swift */,
				D205F27B1A0628C400578C35 /* ReviewViewController.swift */,
				D205F27D1A0661F800578C35 /* ShareViewController.swift */,
				D221ADDF1A0688A60082575F /* MapViewController.swift */,
				D2DDEC891A08FD0B00321CEA /* PageContentViewController.swift */,
				D2706C431A0BDB7500CE8C6A /* FeedTableTableViewController.swift */,
				D2DDEC8B1A08FEA200321CEA /* PageViewController.swift */,
				D2706C411A0BC10500CE8C6A /* WebViewController.swift */,
				D2F3224B1A03BF1900773858 /* Main.storyboard */,
				D2F3224E1A03BF1900773858 /* Images.xcassets */,
				D2F322501A03BF1900773858 /* LaunchScreen.xib */,
				D2F322451A03BF1900773858 /* Supporting Files */,
				D20BCAA21A08CEE10025DAC7 /* FoodPin.xcdatamodeld */,
			);
			path = FoodPin;
			sourceTree = "<group>";
		};
		D2F322451A03BF1900773858 /* Supporting Files */ = {
			isa = PBXGroup;
			children = (
				D2B691D31A0BED5A00E1A038 /* InfoPlist.strings */,
				D2B691CE1A0BED5A00E1A038 /* Localizable.strings */,
				D2F322461A03BF1900773858 /* Info.plist */,
				D21193861A0BFD91007B4C97 /* aboutfoodpin.png */,
			);
			name = "Supporting Files";
			sourceTree = "<group>";
		};
/* End PBXGroup section */

/* Begin PBXNativeTarget section */
		D2F322411A03BF1900773858 /* FoodPin */ = {
			isa = PBXNativeTarget;
			buildConfigurationList = D2F322611A03BF1900773858 /* Build configuration list for PBXNativeTarget "FoodPin" */;
			buildPhases = (
				D2F3223E1A03BF1900773858 /* Sources */,
				D2F3223F1A03BF1900773858 /* Frameworks */,
				D2F322401A03BF1900773858 /* Resources */,
			);
			buildRules = (
			);
			dependencies = (
			);
			name = FoodPin;
			productName = FoodPin;
			productReference = D2F322421A03BF1900773858 /* FoodPin.app */;
			productType = "com.apple.product-type.application";
		};
/* End PBXNativeTarget section */

/* Begin PBXProject section */
		D2F3223A1A03BF1900773858 /* Project object */ = {
			isa = PBXProject;
			attributes = {
				LastUpgradeCheck = 0610;
				ORGANIZATIONNAME = scott;
				TargetAttributes = {
					D2F322411A03BF1900773858 = {
						CreatedOnToolsVersion = 6.1;
						SystemCapabilities = {
							com.apple.Maps.iOS = {
								enabled = 1;
							};
						};
					};
				};
			};
			buildConfigurationList = D2F3223D1A03BF1900773858 /* Build configuration list for PBXProject "FoodPin" */;
			compatibilityVersion = "Xcode 3.2";
			developmentRegion = English;
			hasScannedForEncodings = 0;
			knownRegions = (
				en,
				Base,
				"zh-Hans",
			);
			mainGroup = D2F322391A03BF1900773858;
			productRefGroup = D2F322431A03BF1900773858 /* Products */;
			projectDirPath = "";
			projectRoot = "";
			targets = (
				D2F322411A03BF1900773858 /* FoodPin */,
			);
		};
/* End PBXProject section */

/* Begin PBXResourcesBuildPhase section */
		D2F322401A03BF1900773858 /* Resources */ = {
			isa = PBXResourcesBuildPhase;
			buildActionMask = 2147483647;
			files = (
				D2F3224D1A03BF1900773858 /* Main.storyboard in Resources */,
				D2B691CC1A0BED5A00E1A038 /* Localizable.strings in Resources */,
				D2F322521A03BF1900773858 /* LaunchScreen.xib in Resources */,
				D2F3224F1A03BF1900773858 /* Images.xcassets in Resources */,
				D21193841A0BFD91007B4C97 /* aboutfoodpin.png in Resources */,
				D2B691D11A0BED5A00E1A038 /* InfoPlist.strings in Resources */,
			);
			runOnlyForDeploymentPostprocessing = 0;
		};
/* End PBXResourcesBuildPhase section */

/* Begin PBXSourcesBuildPhase section */
		D2F3223E1A03BF1900773858 /* Sources */ = {
			isa = PBXSourcesBuildPhase;
			buildActionMask = 2147483647;
			files = (
				D2706C441A0BDB7500CE8C6A /* FeedTableTableViewController.swift in Sources */,
				D2CA01DA1A07D9E500F3DAF2 /* AddTableTableViewController.swift in Sources */,
				D20BCAA41A08CEE10025DAC7 /* FoodPin.xcdatamodeld in Sources */,
				D20930CD1A03F57700353BC0 /* DetailTableViewCell.swift in Sources */,
				D2F322741A03ECA100773858 /* Restaurant.swift in Sources */,
				D205F27C1A0628C400578C35 /* ReviewViewController.swift in Sources */,
				D2F322701A03C90A00773858 /* CustomTableViewCell.swift in Sources */,
				D221ADE01A0688A60082575F /* MapViewController.swift in Sources */,
				D2F3226A1A03C02100773858 /* RestaurantTableViewController.swift in Sources */,
				D2F322481A03BF1900773858 /* AppDelegate.swift in Sources */,
				D2DDEC8A1A08FD0B00321CEA /* PageContentViewController.swift in Sources */,
				D2706C401A0BC06300CE8C6A /* AboutViewController.swift in Sources */,
				D2DDEC8C1A08FEA200321CEA /* PageViewController.swift in Sources */,
				D205F27E1A0661F800578C35 /* ShareViewController.swift in Sources */,
				D2706C421A0BC10500CE8C6A /* WebViewController.swift in Sources */,
				D2F322721A03E9AF00773858 /* DetailViewController.swift in Sources */,
			);
			runOnlyForDeploymentPostprocessing = 0;
		};
/* End PBXSourcesBuildPhase section */

/* Begin PBXVariantGroup section */
		D21193861A0BFD91007B4C97 /* aboutfoodpin.png */ = {
			isa = PBXVariantGroup;
			children = (
				D21193851A0BFD91007B4C97 /* Base */,
				D21193871A0BFD98007B4C97 /* zh-Hans */,
			);
			name = aboutfoodpin.png;
			sourceTree = "<group>";
		};
		D2B691CE1A0BED5A00E1A038 /* Localizable.strings */ = {
			isa = PBXVariantGroup;
			children = (
				D2B691CD1A0BED5A00E1A038 /* zh-Hans */,
			);
			name = Localizable.strings;
			sourceTree = "<group>";
		};
		D2B691D31A0BED5A00E1A038 /* InfoPlist.strings */ = {
			isa = PBXVariantGroup;
			children = (
				D2B691D21A0BED5A00E1A038 /* zh-Hans */,
			);
			name = InfoPlist.strings;
			sourceTree = "<group>";
		};
		D2F3224B1A03BF1900773858 /* Main.storyboard */ = {
			isa = PBXVariantGroup;
			children = (
				D2F3224C1A03BF1900773858 /* Base */,
				D2706C4F1A0BE69B00CE8C6A /* zh-Hans */,
			);
			name = Main.storyboard;
			sourceTree = "<group>";
		};
		D2F322501A03BF1900773858 /* LaunchScreen.xib */ = {
			isa = PBXVariantGroup;
			children = (
				D2F322511A03BF1900773858 /* Base */,
				D2706C501A0BE69B00CE8C6A /* zh-Hans */,
			);
			name = LaunchScreen.xib;
			sourceTree = "<group>";
		};
/* End PBXVariantGroup section */

/* Begin XCBuildConfiguration section */
		D2F3225F1A03BF1900773858 /* Debug */ = {
			isa = XCBuildConfiguration;
			buildSettings = {
				ALWAYS_SEARCH_USER_PATHS = NO;
				CLANG_CXX_LANGUAGE_STANDARD = "gnu++0x";
				CLANG_CXX_LIBRARY = "libc++";
				CLANG_ENABLE_MODULES = YES;
				CLANG_ENABLE_OBJC_ARC = YES;
				CLANG_WARN_BOOL_CONVERSION = YES;
				CLANG_WARN_CONSTANT_CONVERSION = YES;
				CLANG_WARN_DIRECT_OBJC_ISA_USAGE = YES_ERROR;
				CLANG_WARN_EMPTY_BODY = YES;
				CLANG_WARN_ENUM_CONVERSION = YES;
				CLANG_WARN_INT_CONVERSION = YES;
				CLANG_WARN_OBJC_ROOT_CLASS = YES_ERROR;
				CLANG_WARN_UNREACHABLE_CODE = YES;
				CLANG_WARN__DUPLICATE_METHOD_MATCH = YES;
				"CODE_SIGN_IDENTITY[sdk=iphoneos*]" = "iPhone Developer";
				COPY_PHASE_STRIP = NO;
				ENABLE_STRICT_OBJC_MSGSEND = YES;
				GCC_C_LANGUAGE_STANDARD = gnu99;
				GCC_DYNAMIC_NO_PIC = NO;
				GCC_OPTIMIZATION_LEVEL = 0;
				GCC_PREPROCESSOR_DEFINITIONS = (
					"DEBUG=1",
					"$(inherited)",
				);
				GCC_SYMBOLS_PRIVATE_EXTERN = NO;
				GCC_WARN_64_TO_32_BIT_CONVERSION = YES;
				GCC_WARN_ABOUT_RETURN_TYPE = YES_ERROR;
				GCC_WARN_UNDECLARED_SELECTOR = YES;
				GCC_WARN_UNINITIALIZED_AUTOS = YES_AGGRESSIVE;
				GCC_WARN_UNUSED_FUNCTION = YES;
				GCC_WARN_UNUSED_VARIABLE = YES;
				IPHONEOS_DEPLOYMENT_TARGET = 8.1;
				MTL_ENABLE_DEBUG_INFO = YES;
				ONLY_ACTIVE_ARCH = YES;
				SDKROOT = iphoneos;
				SWIFT_OPTIMIZATION_LEVEL = "-Onone";
			};
			name = Debug;
		};
		D2F322601A03BF1900773858 /* Release */ = {
			isa = XCBuildConfiguration;
			buildSettings = {
				ALWAYS_SEARCH_USER_PATHS = NO;
				CLANG_CXX_LANGUAGE_STANDARD = "gnu++0x";
				CLANG_CXX_LIBRARY = "libc++";
				CLANG_ENABLE_MODULES = YES;
				CLANG_ENABLE_OBJC_ARC = YES;
				CLANG_WARN_BOOL_CONVERSION = YES;
				CLANG_WARN_CONSTANT_CONVERSION = YES;
				CLANG_WARN_DIRECT_OBJC_ISA_USAGE = YES_ERROR;
				CLANG_WARN_EMPTY_BODY = YES;
				CLANG_WARN_ENUM_CONVERSION = YES;
				CLANG_WARN_INT_CONVERSION = YES;
				CLANG_WARN_OBJC_ROOT_CLASS = YES_ERROR;
				CLANG_WARN_UNREACHABLE_CODE = YES;
				CLANG_WARN__DUPLICATE_METHOD_MATCH = YES;
				"CODE_SIGN_IDENTITY[sdk=iphoneos*]" = "iPhone Developer";
				COPY_PHASE_STRIP = YES;
				ENABLE_NS_ASSERTIONS = NO;
				ENABLE_STRICT_OBJC_MSGSEND = YES;
				GCC_C_LANGUAGE_STANDARD = gnu99;
				GCC_WARN_64_TO_32_BIT_CONVERSION = YES;
				GCC_WARN_ABOUT_RETURN_TYPE = YES_ERROR;
				GCC_WARN_UNDECLARED_SELECTOR = YES;
				GCC_WARN_UNINITIALIZED_AUTOS = YES_AGGRESSIVE;
				GCC_WARN_UNUSED_FUNCTION = YES;
				GCC_WARN_UNUSED_VARIABLE = YES;
				IPHONEOS_DEPLOYMENT_TARGET = 8.1;
				MTL_ENABLE_DEBUG_INFO = NO;
				SDKROOT = iphoneos;
				VALIDATE_PRODUCT = YES;
			};
			name = Release;
		};
		D2F322621A03BF1900773858 /* Debug */ = {
			isa = XCBuildConfiguration;
			buildSettings = {
				ASSETCATALOG_COMPILER_APPICON_NAME = AppIcon;
				CODE_SIGN_IDENTITY = "iPhone Developer: Wei Feng Hou (CF28N67355)";
				INFOPLIST_FILE = FoodPin/Info.plist;
				IPHONEOS_DEPLOYMENT_TARGET = 8.1;
				LD_RUNPATH_SEARCH_PATHS = "$(inherited) @executable_path/Frameworks";
				PRODUCT_NAME = "$(TARGET_NAME)";
			};
			name = Debug;
		};
		D2F322631A03BF1900773858 /* Release */ = {
			isa = XCBuildConfiguration;
			buildSettings = {
				ASSETCATALOG_COMPILER_APPICON_NAME = AppIcon;
				CODE_SIGN_IDENTITY = "iPhone Developer: Wei Feng Hou (CF28N67355)";
				INFOPLIST_FILE = FoodPin/Info.plist;
				IPHONEOS_DEPLOYMENT_TARGET = 8.1;
				LD_RUNPATH_SEARCH_PATHS = "$(inherited) @executable_path/Frameworks";
				PRODUCT_NAME = "$(TARGET_NAME)";
			};
			name = Release;
		};
/* End XCBuildConfiguration section */

/* Begin XCConfigurationList section */
		D2F3223D1A03BF1900773858 /* Build configuration list for PBXProject "FoodPin" */ = {
			isa = XCConfigurationList;
			buildConfigurations = (
				D2F3225F1A03BF1900773858 /* Debug */,
				D2F322601A03BF1900773858 /* Release */,
			);
			defaultConfigurationIsVisible = 0;
			defaultConfigurationName = Release;
		};
		D2F322611A03BF1900773858 /* Build configuration list for PBXNativeTarget "FoodPin" */ = {
			isa = XCConfigurationList;
			buildConfigurations = (
				D2F322621A03BF1900773858 /* Debug */,
				D2F322631A03BF1900773858 /* Release */,
			);
			defaultConfigurationIsVisible = 0;
			defaultConfigurationName = Release;
		};
/* End XCConfigurationList section */

/* Begin XCVersionGroup section */
		D20BCAA21A08CEE10025DAC7 /* FoodPin.xcdatamodeld */ = {
			isa = XCVersionGroup;
			children = (
				D20BCAA31A08CEE10025DAC7 /* FoodPin.xcdatamodel */,
			);
			currentVersion = D20BCAA31A08CEE10025DAC7 /* FoodPin.xcdatamodel */;
			path = FoodPin.xcdatamodeld;
			sourceTree = "<group>";
			versionGroupType = wrapper.xcdatamodel;
		};
/* End XCVersionGroup section */
	};
	rootObject = D2F3223A1A03BF1900773858 /* Project object */;
}
